{
  "version": 4,
  "terraform_version": "1.10.3",
  "serial": 3,
  "lineage": "ac5660f9-1a0a-1ec3-b9bb-f8b221e00c6c",
  "outputs": {},
  "resources": [
    {
      "mode": "managed",
      "type": "linode_instance",
      "name": "linodePC",
      "provider": "provider[\"registry.terraform.io/linode/linode\"]",
      "instances": [
        {
          "schema_version": 0,
          "attributes": {
            "alerts": [
              {
                "cpu": 90,
                "io": 10000,
                "network_in": 10,
                "network_out": 10,
                "transfer_quota": 80
              }
            ],
            "authorized_keys": [
              "ssh-ed25519 AAAAC3NzaC1lZDI1NTE5AAAAIOwkf/kxZzS2eXP+xXuxfawsjVFFPVEq4dv6h7C+a1jQ default",
              "ssh-ed25519 AAAAC3NzaC1lZDI1NTE5AAAAINaRxxH383g+iLqhxW3D0M6ieLhrlM1m/Ra2/qn8/SHJ default"
            ],
            "authorized_users": null,
            "backup_id": null,
            "backups": [
              {
                "available": false,
                "enabled": false,
                "schedule": [
                  {
                    "day": "",
                    "window": ""
                  }
                ]
              }
            ],
            "backups_enabled": false,
            "boot_config_label": "My Ubuntu 24.04 LTS Disk Profile",
            "booted": true,
            "config": [
              {
                "comments": "",
                "devices": [
                  {
                    "sda": [
                      {
                        "disk_id": 135646130,
                        "disk_label": "Ubuntu 24.04 LTS Disk",
                        "volume_id": 0
                      }
                    ],
                    "sdb": [
                      {
                        "disk_id": 135646132,
                        "disk_label": "512 MB Swap Image",
                        "volume_id": 0
                      }
                    ],
                    "sdc": [],
                    "sdd": [],
                    "sde": [],
                    "sdf": [],
                    "sdg": [],
                    "sdh": []
                  }
                ],
                "helpers": [
                  {
                    "devtmpfs_automount": true,
                    "distro": true,
                    "modules_dep": true,
                    "network": true,
                    "updatedb_disabled": true
                  }
                ],
                "id": 72956916,
                "interface": [],
                "kernel": "linode/grub2",
                "label": "My Ubuntu 24.04 LTS Disk Profile",
                "memory_limit": 0,
                "root_device": "/dev/sda",
                "run_level": "default",
                "virt_mode": "paravirt"
              }
            ],
            "disk": [
              {
                "authorized_keys": [],
                "authorized_users": [],
                "filesystem": "ext4",
                "id": 135646130,
                "image": "",
                "label": "Ubuntu 24.04 LTS Disk",
                "read_only": false,
                "root_pass": "",
                "size": 25088,
                "stackscript_data": {},
                "stackscript_id": 0
              },
              {
                "authorized_keys": [],
                "authorized_users": [],
                "filesystem": "swap",
                "id": 135646132,
                "image": "",
                "label": "512 MB Swap Image",
                "read_only": false,
                "root_pass": "",
                "size": 512,
                "stackscript_data": {},
                "stackscript_id": 0
              }
            ],
            "firewall_id": null,
            "group": "",
            "has_user_data": false,
            "host_uuid": "eb08895a715a7363950eb5a833f238e25e6c6348",
            "id": "69592885",
            "image": "linode/ubuntu24.04",
            "interface": [],
            "ip_address": "172.232.219.65",
            "ipv4": [
              "172.232.219.65"
            ],
            "ipv6": "2600:3c0b::f03c:95ff:fe2c:2f18/128",
            "label": "arya-stark",
            "metadata": [],
            "migration_type": "cold",
            "placement_group": [],
            "placement_group_externally_managed": null,
            "private_ip": false,
            "private_ip_address": null,
            "region": "it-mil",
            "resize_disk": false,
            "root_pass": "l4f4HfeYv/5riyVbx16mnw14K4fHCYn3JdfEfWDSR0lET9T28PE2Wmj5PnjIbSBs8REcnNTDS/8QIXP0fIZEZA==",
            "shared_ipv4": [],
            "specs": [
              {
                "disk": 25600,
                "memory": 1024,
                "transfer": 1000,
                "vcpus": 1
              }
            ],
            "stackscript_data": null,
            "stackscript_id": null,
            "status": "running",
            "swap_size": 512,
            "tags": [],
            "timeouts": null,
            "type": "g6-nanode-1",
            "watchdog_enabled": true
          },
          "sensitive_attributes": [
            [
              {
                "type": "get_attr",
                "value": "stackscript_data"
              }
            ],
            [
              {
                "type": "get_attr",
                "value": "disk"
              },
              {
                "type": "index",
                "value": {
                  "value": 0,
                  "type": "number"
                }
              },
              {
                "type": "get_attr",
                "value": "stackscript_data"
              }
            ],
            [
              {
                "type": "get_attr",
                "value": "disk"
              },
              {
                "type": "index",
                "value": {
                  "value": 0,
                  "type": "number"
                }
              },
              {
                "type": "get_attr",
                "value": "root_pass"
              }
            ],
            [
              {
                "type": "get_attr",
                "value": "disk"
              },
              {
                "type": "index",
                "value": {
                  "value": 1,
                  "type": "number"
                }
              },
              {
                "type": "get_attr",
                "value": "stackscript_data"
              }
            ],
            [
              {
                "type": "get_attr",
                "value": "disk"
              },
              {
                "type": "index",
                "value": {
                  "value": 1,
                  "type": "number"
                }
              },
              {
                "type": "get_attr",
                "value": "root_pass"
              }
            ],
            [
              {
                "type": "get_attr",
                "value": "root_pass"
              }
            ]
          ],
          "private": "eyJlMmJmYjczMC1lY2FhLTExZTYtOGY4OC0zNDM2M2JjN2M0YzAiOnsiY3JlYXRlIjo5MDAwMDAwMDAwMDAsImRlbGV0ZSI6NjAwMDAwMDAwMDAwLCJ1cGRhdGUiOjM2MDAwMDAwMDAwMDB9fQ=="
        }
      ]
    }
  ],
  "check_results": null
}
