{
  "version": 4,
  "terraform_version": "1.10.3",
  "serial": 11,
  "lineage": "920f3f99-024c-c45b-fe4a-7edf9f72f8eb",
  "outputs": {},
  "resources": [
    {
      "mode": "managed",
      "type": "local_file",
      "name": "pets",
      "provider": "provider[\"registry.terraform.io/hashicorp/local\"]",
      "instances": [
        {
          "schema_version": 0,
          "attributes": {
            "content": "we love pets especially dogs!",
            "content_base64": null,
            "content_base64sha256": "/7QT/dyb9jOvma5ttPg6oIsM9rWOkhfXysIqn5mKhfU=",
            "content_base64sha512": "gmay4+YPFX0JOdu34UKAVQXnrBV3J9iLaTX7ovdnC1zQQNJLRr9uakKSkvF0y/29UZbdHrTtCv9Lq9Zw/rN3LQ==",
            "content_md5": "ee323513ac9921163ae917827187e0e2",
            "content_sha1": "912084fc042729f65de1c89f1894466e203bc35b",
            "content_sha256": "ffb413fddc9bf633af99ae6db4f83aa08b0cf6b58e9217d7cac22a9f998a85f5",
            "content_sha512": "8266b2e3e60f157d0939dbb7e142805505e7ac157727d88b6935fba2f7670b5cd040d24b46bf6e6a429292f174cbfdbd5196dd1eb4ed0aff4babd670feb3772d",
            "directory_permission": "0777",
            "file_permission": "0777",
            "filename": "./pets2.txt",
            "id": "912084fc042729f65de1c89f1894466e203bc35b",
            "sensitive_content": null,
            "source": null
          },
          "sensitive_attributes": [
            [
              {
                "type": "get_attr",
                "value": "sensitive_content"
              }
            ]
          ]
        }
      ]
    }
  ],
  "check_results": null
}
